
Microsoft Visual Studio Solution File, Format Version 12.00
# Visual Studio Version 16
VisualStudioVersion = 16.0.29306.81
MinimumVisualStudioVersion = 10.0.40219.1
Project("{9A19103F-16F7-4668-BE54-9A1E7A4F7556}") = "Func01", "Func01\Func01.csproj", "{4B475D5C-9F1B-46E3-92AC-A8BB58544C64}"
EndProject
Global
	GlobalSection(SolutionConfigurationPlatforms) = preSolution
		Debug|Any CPU = Debug|Any CPU
		Release|Any CPU = Release|Any CPU
	EndGlobalSection
	GlobalSection(ProjectConfigurationPlatforms) = postSolution
		{4B475D5C-9F1B-46E3-92AC-A8BB58544C64}.Debug|Any CPU.ActiveCfg = Debug|Any CPU
		{4B475D5C-9F1B-46E3-92AC-A8BB58544C64}.Debug|Any CPU.Build.0 = Debug|Any CPU
		{4B475D5C-9F1B-46E3-92AC-A8BB58544C64}.Release|Any CPU.ActiveCfg = Release|Any CPU
		{4B475D5C-9F1B-46E3-92AC-A8BB58544C64}.Release|Any CPU.Build.0 = Release|Any CPU
	EndGlobalSection
	GlobalSection(SolutionProperties) = preSolution
		HideSolutionNode = FALSE
	EndGlobalSection
	GlobalSection(ExtensibilityGlobals) = postSolution
		SolutionGuid = {350E5D71-8BA0-4A67-99F3-E38E5784D74A}
	EndGlobalSection
EndGlobal
